
Microsoft Visual Studio Solution File, Format Version 12.00
Project("{FAE04EC0-301F-11D3-BF4B-00C04F79EFBC}") = "TourneeFutee", "TourneeFutee.csproj", "{BED3F0D6-5062-4A90-9639-F8895E88132E}"
EndProject
Global
	GlobalSection(SolutionConfigurationPlatforms) = preSolution
		Debug|Any CPU = Debug|Any CPU
		Release|Any CPU = Release|Any CPU
	EndGlobalSection
	GlobalSection(ProjectConfigurationPlatforms) = postSolution
		{BED3F0D6-5062-4A90-9639-F8895E88132E}.Debug|Any CPU.ActiveCfg = Debug|Any CPU
		{BED3F0D6-5062-4A90-9639-F8895E88132E}.Debug|Any CPU.Build.0 = Debug|Any CPU
		{BED3F0D6-5062-4A90-9639-F8895E88132E}.Release|Any CPU.ActiveCfg = Release|Any CPU
		{BED3F0D6-5062-4A90-9639-F8895E88132E}.Release|Any CPU.Build.0 = Release|Any CPU
	EndGlobalSection
EndGlobal
